
Microsoft Visual Studio Solution File, Format Version 12.00
# Visual Studio Version 16
VisualStudioVersion = 16.0.30413.136
MinimumVisualStudioVersion = 10.0.40219.1
Project("{9A19103F-16F7-4668-BE54-9A1E7A4F7556}") = "Task1", "Task1\Task1.csproj", "{C5E9A5EB-00CE-4689-87C0-269F52DE40A6}"
EndProject
Project("{9A19103F-16F7-4668-BE54-9A1E7A4F7556}") = "AdditionalTask", "AdditionalTask\AdditionalTask.csproj", "{A8A2DC4B-3A9A-4A8E-9289-A74B660B6D79}"
EndProject
Project("{FAE04EC0-301F-11D3-BF4B-00C04F79EFBC}") = "Task2", "Task2\Task2.csproj", "{1B7C667E-42EA-41F3-B17D-2D1B8BC2D6B2}"
EndProject
Global
	GlobalSection(SolutionConfigurationPlatforms) = preSolution
		Debug|Any CPU = Debug|Any CPU
		Release|Any CPU = Release|Any CPU
	EndGlobalSection
	GlobalSection(ProjectConfigurationPlatforms) = postSolution
		{C5E9A5EB-00CE-4689-87C0-269F52DE40A6}.Debug|Any CPU.ActiveCfg = Debug|Any CPU
		{C5E9A5EB-00CE-4689-87C0-269F52DE40A6}.Debug|Any CPU.Build.0 = Debug|Any CPU
		{C5E9A5EB-00CE-4689-87C0-269F52DE40A6}.Release|Any CPU.ActiveCfg = Release|Any CPU
		{C5E9A5EB-00CE-4689-87C0-269F52DE40A6}.Release|Any CPU.Build.0 = Release|Any CPU
		{A8A2DC4B-3A9A-4A8E-9289-A74B660B6D79}.Debug|Any CPU.ActiveCfg = Debug|Any CPU
		{A8A2DC4B-3A9A-4A8E-9289-A74B660B6D79}.Debug|Any CPU.Build.0 = Debug|Any CPU
		{A8A2DC4B-3A9A-4A8E-9289-A74B660B6D79}.Release|Any CPU.ActiveCfg = Release|Any CPU
		{A8A2DC4B-3A9A-4A8E-9289-A74B660B6D79}.Release|Any CPU.Build.0 = Release|Any CPU
		{1B7C667E-42EA-41F3-B17D-2D1B8BC2D6B2}.Debug|Any CPU.ActiveCfg = Debug|Any CPU
		{1B7C667E-42EA-41F3-B17D-2D1B8BC2D6B2}.Debug|Any CPU.Build.0 = Debug|Any CPU
		{1B7C667E-42EA-41F3-B17D-2D1B8BC2D6B2}.Release|Any CPU.ActiveCfg = Release|Any CPU
		{1B7C667E-42EA-41F3-B17D-2D1B8BC2D6B2}.Release|Any CPU.Build.0 = Release|Any CPU
	EndGlobalSection
	GlobalSection(SolutionProperties) = preSolution
		HideSolutionNode = FALSE
	EndGlobalSection
	GlobalSection(ExtensibilityGlobals) = postSolution
		SolutionGuid = {E07EC2FD-9B04-487D-8BEB-D5C178734776}
	EndGlobalSection
EndGlobal
