
Microsoft Visual Studio Solution File, Format Version 12.00
# Visual Studio Version 16
VisualStudioVersion = 16.0.30413.136
MinimumVisualStudioVersion = 10.0.40219.1
Project("{FAE04EC0-301F-11D3-BF4B-00C04F79EFBC}") = "AdditionalTask", "AdditionalTask\AdditionalTask.csproj", "{B7EF0991-CBE8-4D77-B3A6-B2F29575707F}"
EndProject
Project("{FAE04EC0-301F-11D3-BF4B-00C04F79EFBC}") = "Task1", "Task1\Task1.csproj", "{FB0536BE-0C6D-4C8E-969D-5E25117F475F}"
EndProject
Global
	GlobalSection(SolutionConfigurationPlatforms) = preSolution
		Debug|Any CPU = Debug|Any CPU
		Release|Any CPU = Release|Any CPU
	EndGlobalSection
	GlobalSection(ProjectConfigurationPlatforms) = postSolution
		{B7EF0991-CBE8-4D77-B3A6-B2F29575707F}.Debug|Any CPU.ActiveCfg = Debug|Any CPU
		{B7EF0991-CBE8-4D77-B3A6-B2F29575707F}.Debug|Any CPU.Build.0 = Debug|Any CPU
		{B7EF0991-CBE8-4D77-B3A6-B2F29575707F}.Release|Any CPU.ActiveCfg = Release|Any CPU
		{B7EF0991-CBE8-4D77-B3A6-B2F29575707F}.Release|Any CPU.Build.0 = Release|Any CPU
		{FB0536BE-0C6D-4C8E-969D-5E25117F475F}.Debug|Any CPU.ActiveCfg = Debug|Any CPU
		{FB0536BE-0C6D-4C8E-969D-5E25117F475F}.Debug|Any CPU.Build.0 = Debug|Any CPU
		{FB0536BE-0C6D-4C8E-969D-5E25117F475F}.Release|Any CPU.ActiveCfg = Release|Any CPU
		{FB0536BE-0C6D-4C8E-969D-5E25117F475F}.Release|Any CPU.Build.0 = Release|Any CPU
	EndGlobalSection
	GlobalSection(SolutionProperties) = preSolution
		HideSolutionNode = FALSE
	EndGlobalSection
	GlobalSection(ExtensibilityGlobals) = postSolution
		SolutionGuid = {F43A326E-8533-42C3-B127-93791EE03A5A}
	EndGlobalSection
EndGlobal
